// !$*UTF8*$!
{
	archiveVersion = 1;
	classes = {
	};
	objectVersion = 50;
	objects = {

/* Begin PBXBuildFile section */
		A071A76D2527C023008711EF /* main.cpp in Sources */ = {isa = PBXBuildFile; fileRef = A071A76C2527C023008711EF /* main.cpp */; };
/* End PBXBuildFile section */

/* Begin PBXCopyFilesBuildPhase section */
		A0C6E2732523360800FB1304 /* CopyFiles */ = {
			isa = PBXCopyFilesBuildPhase;
			buildActionMask = 2147483647;
			dstPath = /usr/share/man/man1/;
			dstSubfolderSpec = 0;
			files = (
			);
			runOnlyForDeploymentPostprocessing = 1;
		};
/* End PBXCopyFilesBuildPhase section */

/* Begin PBXFileReference section */
		A013D478252350130071D2F2 /* StackRigid.h */ = {isa = PBXFileReference; lastKnownFileType = sourcecode.c.h; path = StackRigid.h; sourceTree = "<group>"; };
		A071A76C2527C023008711EF /* main.cpp */ = {isa = PBXFileReference; fileEncoding = 4; lastKnownFileType = sourcecode.cpp.cpp; path = main.cpp; sourceTree = "<group>"; };
		A071A841252E3995008711EF /* PointerChecks.h */ = {isa = PBXFileReference; lastKnownFileType = sourcecode.c.h; name = PointerChecks.h; path = ../../Private/ArtemStack/ArtemStack/istack/singletons/PointerChecks.h; sourceTree = "<group>"; };
		A071A85C25304678008711EF /* logfile.txt */ = {isa = PBXFileReference; lastKnownFileType = text; path = logfile.txt; sourceTree = "<group>"; };
		A0C6E2752523360800FB1304 /* StackOnSteroids */ = {isa = PBXFileReference; explicitFileType = "compiled.mach-o.executable"; includeInIndex = 0; path = StackOnSteroids; sourceTree = BUILT_PRODUCTS_DIR; };
/* End PBXFileReference section */

/* Begin PBXFrameworksBuildPhase section */
		A0C6E2722523360800FB1304 /* Frameworks */ = {
			isa = PBXFrameworksBuildPhase;
			buildActionMask = 2147483647;
			files = (
			);
			runOnlyForDeploymentPostprocessing = 0;
		};
/* End PBXFrameworksBuildPhase section */

/* Begin PBXGroup section */
		A0C6E26C2523360800FB1304 = {
			isa = PBXGroup;
			children = (
				A0C6E2772523360800FB1304 /* StackOnSteroids */,
				A0C6E2762523360800FB1304 /* Products */,
			);
			sourceTree = "<group>";
		};
		A0C6E2762523360800FB1304 /* Products */ = {
			isa = PBXGroup;
			children = (
				A0C6E2752523360800FB1304 /* StackOnSteroids */,
			);
			name = Products;
			sourceTree = "<group>";
		};
		A0C6E2772523360800FB1304 /* StackOnSteroids */ = {
			isa = PBXGroup;
			children = (
				A071A841252E3995008711EF /* PointerChecks.h */,
				A013D478252350130071D2F2 /* StackRigid.h */,
				A071A76C2527C023008711EF /* main.cpp */,
				A071A85C25304678008711EF /* logfile.txt */,
			);
			path = StackOnSteroids;
			sourceTree = "<group>";
		};
/* End PBXGroup section */

/* Begin PBXNativeTarget section */
		A0C6E2742523360800FB1304 /* StackOnSteroids */ = {
			isa = PBXNativeTarget;
			buildConfigurationList = A0C6E27C2523360900FB1304 /* Build configuration list for PBXNativeTarget "StackOnSteroids" */;
			buildPhases = (
				A0C6E2712523360800FB1304 /* Sources */,
				A0C6E2722523360800FB1304 /* Frameworks */,
				A0C6E2732523360800FB1304 /* CopyFiles */,
			);
			buildRules = (
			);
			dependencies = (
			);
			name = StackOnSteroids;
			productName = StackOnSteroids;
			productReference = A0C6E2752523360800FB1304 /* StackOnSteroids */;
			productType = "com.apple.product-type.tool";
		};
/* End PBXNativeTarget section */

/* Begin PBXProject section */
		A0C6E26D2523360800FB1304 /* Project object */ = {
			isa = PBXProject;
			attributes = {
				LastUpgradeCheck = 1200;
				TargetAttributes = {
					A0C6E2742523360800FB1304 = {
						CreatedOnToolsVersion = 12.0;
					};
				};
			};
			buildConfigurationList = A0C6E2702523360800FB1304 /* Build configuration list for PBXProject "StackOnSteroids" */;
			compatibilityVersion = "Xcode 9.3";
			developmentRegion = en;
			hasScannedForEncodings = 0;
			knownRegions = (
				en,
				Base,
			);
			mainGroup = A0C6E26C2523360800FB1304;
			productRefGroup = A0C6E2762523360800FB1304 /* Products */;
			projectDirPath = "";
			projectRoot = "";
			targets = (
				A0C6E2742523360800FB1304 /* StackOnSteroids */,
			);
		};
/* End PBXProject section */

/* Begin PBXSourcesBuildPhase section */
		A0C6E2712523360800FB1304 /* Sources */ = {
			isa = PBXSourcesBuildPhase;
			buildActionMask = 2147483647;
			files = (
				A071A76D2527C023008711EF /* main.cpp in Sources */,
			);
			runOnlyForDeploymentPostprocessing = 0;
		};
/* End PBXSourcesBuildPhase section */

/* Begin XCBuildConfiguration section */
		A0C6E27A2523360900FB1304 /* Debug */ = {
			isa = XCBuildConfiguration;
			buildSettings = {
				ALWAYS_SEARCH_USER_PATHS = NO;
				CLANG_ANALYZER_NONNULL = YES;
				CLANG_ANALYZER_NUMBER_OBJECT_CONVERSION = YES_AGGRESSIVE;
				CLANG_CXX_LANGUAGE_STANDARD = "gnu++14";
				CLANG_CXX_LIBRARY = "libc++";
				CLANG_ENABLE_MODULES = YES;
				CLANG_ENABLE_OBJC_ARC = YES;
				CLANG_ENABLE_OBJC_WEAK = YES;
				CLANG_WARN_BLOCK_CAPTURE_AUTORELEASING = YES;
				CLANG_WARN_BOOL_CONVERSION = YES;
				CLANG_WARN_COMMA = YES;
				CLANG_WARN_CONSTANT_CONVERSION = YES;
				CLANG_WARN_DEPRECATED_OBJC_IMPLEMENTATIONS = YES;
				CLANG_WARN_DIRECT_OBJC_ISA_USAGE = YES_ERROR;
				CLANG_WARN_DOCUMENTATION_COMMENTS = YES;
				CLANG_WARN_EMPTY_BODY = YES;
				CLANG_WARN_ENUM_CONVERSION = YES;
				CLANG_WARN_INFINITE_RECURSION = YES;
				CLANG_WARN_INT_CONVERSION = YES;
				CLANG_WARN_NON_LITERAL_NULL_CONVERSION = YES;
				CLANG_WARN_OBJC_IMPLICIT_RETAIN_SELF = YES;
				CLANG_WARN_OBJC_LITERAL_CONVERSION = YES;
				CLANG_WARN_OBJC_ROOT_CLASS = YES_ERROR;
				CLANG_WARN_QUOTED_INCLUDE_IN_FRAMEWORK_HEADER = YES;
				CLANG_WARN_RANGE_LOOP_ANALYSIS = YES;
				CLANG_WARN_STRICT_PROTOTYPES = YES;
				CLANG_WARN_SUSPICIOUS_MOVE = YES;
				CLANG_WARN_UNGUARDED_AVAILABILITY = YES_AGGRESSIVE;
				CLANG_WARN_UNREACHABLE_CODE = YES;
				CLANG_WARN__DUPLICATE_METHOD_MATCH = YES;
				COPY_PHASE_STRIP = NO;
				DEBUG_INFORMATION_FORMAT = dwarf;
				ENABLE_STRICT_OBJC_MSGSEND = YES;
				ENABLE_TESTABILITY = YES;
				GCC_C_LANGUAGE_STANDARD = gnu11;
				GCC_DYNAMIC_NO_PIC = NO;
				GCC_NO_COMMON_BLOCKS = YES;
				GCC_OPTIMIZATION_LEVEL = 0;
				GCC_PREPROCESSOR_DEFINITIONS = (
					"DEBUG=1",
					"$(inherited)",
				);
				GCC_WARN_64_TO_32_BIT_CONVERSION = YES;
				GCC_WARN_ABOUT_RETURN_TYPE = YES_ERROR;
				GCC_WARN_UNDECLARED_SELECTOR = YES;
				GCC_WARN_UNINITIALIZED_AUTOS = YES_AGGRESSIVE;
				GCC_WARN_UNUSED_FUNCTION = YES;
				GCC_WARN_UNUSED_VARIABLE = YES;
				MACOSX_DEPLOYMENT_TARGET = 10.15;
				MTL_ENABLE_DEBUG_INFO = INCLUDE_SOURCE;
				MTL_FAST_MATH = YES;
				ONLY_ACTIVE_ARCH = YES;
				SDKROOT = macosx;
			};
			name = Debug;
		};
		A0C6E27B2523360900FB1304 /* Release */ = {
			isa = XCBuildConfiguration;
			buildSettings = {
				ALWAYS_SEARCH_USER_PATHS = NO;
				CLANG_ANALYZER_NONNULL = YES;
				CLANG_ANALYZER_NUMBER_OBJECT_CONVERSION = YES_AGGRESSIVE;
				CLANG_CXX_LANGUAGE_STANDARD = "gnu++14";
				CLANG_CXX_LIBRARY = "libc++";
				CLANG_ENABLE_MODULES = YES;
				CLANG_ENABLE_OBJC_ARC = YES;
				CLANG_ENABLE_OBJC_WEAK = YES;
				CLANG_WARN_BLOCK_CAPTURE_AUTORELEASING = YES;
				CLANG_WARN_BOOL_CONVERSION = YES;
				CLANG_WARN_COMMA = YES;
				CLANG_WARN_CONSTANT_CONVERSION = YES;
				CLANG_WARN_DEPRECATED_OBJC_IMPLEMENTATIONS = YES;
				CLANG_WARN_DIRECT_OBJC_ISA_USAGE = YES_ERROR;
				CLANG_WARN_DOCUMENTATION_COMMENTS = YES;
				CLANG_WARN_EMPTY_BODY = YES;
				CLANG_WARN_ENUM_CONVERSION = YES;
				CLANG_WARN_INFINITE_RECURSION = YES;
				CLANG_WARN_INT_CONVERSION = YES;
				CLANG_WARN_NON_LITERAL_NULL_CONVERSION = YES;
				CLANG_WARN_OBJC_IMPLICIT_RETAIN_SELF = YES;
				CLANG_WARN_OBJC_LITERAL_CONVERSION = YES;
				CLANG_WARN_OBJC_ROOT_CLASS = YES_ERROR;
				CLANG_WARN_QUOTED_INCLUDE_IN_FRAMEWORK_HEADER = YES;
				CLANG_WARN_RANGE_LOOP_ANALYSIS = YES;
				CLANG_WARN_STRICT_PROTOTYPES = YES;
				CLANG_WARN_SUSPICIOUS_MOVE = YES;
				CLANG_WARN_UNGUARDED_AVAILABILITY = YES_AGGRESSIVE;
				CLANG_WARN_UNREACHABLE_CODE = YES;
				CLANG_WARN__DUPLICATE_METHOD_MATCH = YES;
				COPY_PHASE_STRIP = NO;
				DEBUG_INFORMATION_FORMAT = "dwarf-with-dsym";
				ENABLE_NS_ASSERTIONS = NO;
				ENABLE_STRICT_OBJC_MSGSEND = YES;
				GCC_C_LANGUAGE_STANDARD = gnu11;
				GCC_NO_COMMON_BLOCKS = YES;
				GCC_WARN_64_TO_32_BIT_CONVERSION = YES;
				GCC_WARN_ABOUT_RETURN_TYPE = YES_ERROR;
				GCC_WARN_UNDECLARED_SELECTOR = YES;
				GCC_WARN_UNINITIALIZED_AUTOS = YES_AGGRESSIVE;
				GCC_WARN_UNUSED_FUNCTION = YES;
				GCC_WARN_UNUSED_VARIABLE = YES;
				MACOSX_DEPLOYMENT_TARGET = 10.15;
				MTL_ENABLE_DEBUG_INFO = NO;
				MTL_FAST_MATH = YES;
				SDKROOT = macosx;
			};
			name = Release;
		};
		A0C6E27D2523360900FB1304 /* Debug */ = {
			isa = XCBuildConfiguration;
			buildSettings = {
				CLANG_WARN_ASSIGN_ENUM = YES;
				CLANG_WARN_FRAMEWORK_INCLUDE_PRIVATE_FROM_PUBLIC = YES;
				CLANG_WARN_IMPLICIT_SIGN_CONVERSION = YES;
				CLANG_WARN_SEMICOLON_BEFORE_METHOD_BODY = YES;
				CODE_SIGN_STYLE = Automatic;
				DEVELOPMENT_TEAM = 7D49J2XMDA;
				ENABLE_HARDENED_RUNTIME = YES;
				GCC_WARN_ABOUT_MISSING_FIELD_INITIALIZERS = YES;
				GCC_WARN_ABOUT_MISSING_NEWLINE = YES;
				GCC_WARN_ABOUT_MISSING_PROTOTYPES = YES;
				GCC_WARN_FOUR_CHARACTER_CONSTANTS = YES;
				GCC_WARN_INITIALIZER_NOT_FULLY_BRACKETED = YES;
				GCC_WARN_SHADOW = YES;
				PRODUCT_NAME = "$(TARGET_NAME)";
			};
			name = Debug;
		};
		A0C6E27E2523360900FB1304 /* Release */ = {
			isa = XCBuildConfiguration;
			buildSettings = {
				CLANG_WARN_ASSIGN_ENUM = YES;
				CLANG_WARN_FRAMEWORK_INCLUDE_PRIVATE_FROM_PUBLIC = YES;
				CLANG_WARN_IMPLICIT_SIGN_CONVERSION = YES;
				CLANG_WARN_SEMICOLON_BEFORE_METHOD_BODY = YES;
				CODE_SIGN_STYLE = Automatic;
				DEVELOPMENT_TEAM = 7D49J2XMDA;
				ENABLE_HARDENED_RUNTIME = YES;
				GCC_WARN_ABOUT_MISSING_FIELD_INITIALIZERS = YES;
				GCC_WARN_ABOUT_MISSING_NEWLINE = YES;
				GCC_WARN_ABOUT_MISSING_PROTOTYPES = YES;
				GCC_WARN_FOUR_CHARACTER_CONSTANTS = YES;
				GCC_WARN_INITIALIZER_NOT_FULLY_BRACKETED = YES;
				GCC_WARN_SHADOW = YES;
				PRODUCT_NAME = "$(TARGET_NAME)";
			};
			name = Release;
		};
/* End XCBuildConfiguration section */

/* Begin XCConfigurationList section */
		A0C6E2702523360800FB1304 /* Build configuration list for PBXProject "StackOnSteroids" */ = {
			isa = XCConfigurationList;
			buildConfigurations = (
				A0C6E27A2523360900FB1304 /* Debug */,
				A0C6E27B2523360900FB1304 /* Release */,
			);
			defaultConfigurationIsVisible = 0;
			defaultConfigurationName = Release;
		};
		A0C6E27C2523360900FB1304 /* Build configuration list for PBXNativeTarget "StackOnSteroids" */ = {
			isa = XCConfigurationList;
			buildConfigurations = (
				A0C6E27D2523360900FB1304 /* Debug */,
				A0C6E27E2523360900FB1304 /* Release */,
			);
			defaultConfigurationIsVisible = 0;
			defaultConfigurationName = Release;
		};
/* End XCConfigurationList section */
	};
	rootObject = A0C6E26D2523360800FB1304 /* Project object */;
}
